
Microsoft Visual Studio Solution File, Format Version 12.00
# Visual Studio 15
VisualStudioVersion = 15.0.27130.2036
MinimumVisualStudioVersion = 10.0.40219.1
Project("{FAE04EC0-301F-11D3-BF4B-00C04F79EFBC}") = "Lab 5", "Lab 5\Lab 5.csproj", "{68AAECBF-BB83-430C-9C64-342B9D21753F}"
EndProject
Global
	GlobalSection(SolutionConfigurationPlatforms) = preSolution
		Debug|Any CPU = Debug|Any CPU
		Release|Any CPU = Release|Any CPU
	EndGlobalSection
	GlobalSection(ProjectConfigurationPlatforms) = postSolution
		{68AAECBF-BB83-430C-9C64-342B9D21753F}.Debug|Any CPU.ActiveCfg = Debug|Any CPU
		{68AAECBF-BB83-430C-9C64-342B9D21753F}.Debug|Any CPU.Build.0 = Debug|Any CPU
		{68AAECBF-BB83-430C-9C64-342B9D21753F}.Release|Any CPU.ActiveCfg = Release|Any CPU
		{68AAECBF-BB83-430C-9C64-342B9D21753F}.Release|Any CPU.Build.0 = Release|Any CPU
	EndGlobalSection
	GlobalSection(SolutionProperties) = preSolution
		HideSolutionNode = FALSE
	EndGlobalSection
	GlobalSection(ExtensibilityGlobals) = postSolution
		SolutionGuid = {E4857821-AC68-468E-A66D-C97AC80F3274}
	EndGlobalSection
EndGlobal
